
Microsoft Visual Studio Solution File, Format Version 12.00
# Visual Studio Version 17
VisualStudioVersion = 17.4.33213.308
MinimumVisualStudioVersion = 10.0.40219.1
Project("{9A19103F-16F7-4668-BE54-9A1E7A4F7556}") = "MyLuck.Service", "MyLuck.Service\MyLuck.Service.csproj", "{8282960A-A8CC-4E42-B54B-0155B5A20A97}"
EndProject
Project("{9A19103F-16F7-4668-BE54-9A1E7A4F7556}") = "MyLuck.Infrastructure", "MyLuck.Infrastructure\MyLuck.Infrastructure.csproj", "{F10CE861-078D-4FBA-B869-6776B0A55E2C}"
EndProject
Project("{2150E333-8FDC-42A3-9474-1A3956D46DE8}") = "Background Service", "Background Service", "{76738A2A-AFFD-4229-B554-CCBC1EC424EB}"
EndProject
Project("{FAE04EC0-301F-11D3-BF4B-00C04F79EFBC}") = "MyLuck.Client", "MyLuck.Client\MyLuck.Client.csproj", "{B526FE87-9A65-498D-BD83-2A96128DD295}"
EndProject
Global
	GlobalSection(SolutionConfigurationPlatforms) = preSolution
		Debug|Any CPU = Debug|Any CPU
		Release|Any CPU = Release|Any CPU
	EndGlobalSection
	GlobalSection(ProjectConfigurationPlatforms) = postSolution
		{8282960A-A8CC-4E42-B54B-0155B5A20A97}.Debug|Any CPU.ActiveCfg = Debug|Any CPU
		{8282960A-A8CC-4E42-B54B-0155B5A20A97}.Debug|Any CPU.Build.0 = Debug|Any CPU
		{8282960A-A8CC-4E42-B54B-0155B5A20A97}.Release|Any CPU.ActiveCfg = Release|Any CPU
		{8282960A-A8CC-4E42-B54B-0155B5A20A97}.Release|Any CPU.Build.0 = Release|Any CPU
		{F10CE861-078D-4FBA-B869-6776B0A55E2C}.Debug|Any CPU.ActiveCfg = Debug|Any CPU
		{F10CE861-078D-4FBA-B869-6776B0A55E2C}.Debug|Any CPU.Build.0 = Debug|Any CPU
		{F10CE861-078D-4FBA-B869-6776B0A55E2C}.Release|Any CPU.ActiveCfg = Release|Any CPU
		{F10CE861-078D-4FBA-B869-6776B0A55E2C}.Release|Any CPU.Build.0 = Release|Any CPU
		{B526FE87-9A65-498D-BD83-2A96128DD295}.Debug|Any CPU.ActiveCfg = Debug|Any CPU
		{B526FE87-9A65-498D-BD83-2A96128DD295}.Debug|Any CPU.Build.0 = Debug|Any CPU
		{B526FE87-9A65-498D-BD83-2A96128DD295}.Release|Any CPU.ActiveCfg = Release|Any CPU
		{B526FE87-9A65-498D-BD83-2A96128DD295}.Release|Any CPU.Build.0 = Release|Any CPU
	EndGlobalSection
	GlobalSection(SolutionProperties) = preSolution
		HideSolutionNode = FALSE
	EndGlobalSection
	GlobalSection(NestedProjects) = preSolution
		{8282960A-A8CC-4E42-B54B-0155B5A20A97} = {76738A2A-AFFD-4229-B554-CCBC1EC424EB}
	EndGlobalSection
	GlobalSection(ExtensibilityGlobals) = postSolution
		SolutionGuid = {22EA8B8A-91EA-4C23-90C1-354B8E39B1B3}
	EndGlobalSection
EndGlobal
